
Microsoft Visual Studio Solution File, Format Version 12.00
# Visual Studio Version 16
VisualStudioVersion = 16.0.30320.27
MinimumVisualStudioVersion = 10.0.40219.1
Project("{FAE04EC0-301F-11D3-BF4B-00C04F79EFBC}") = "University_Labs", "University_Labs\University_Labs.csproj", "{90884F80-4D73-4D94-8BB3-0908A27348B9}"
EndProject
Project("{FAE04EC0-301F-11D3-BF4B-00C04F79EFBC}") = "AOS_LabsHelper", "AOS_LabsHelper\AOS_LabsHelper.csproj", "{DE555B6A-B89B-4F6E-93C6-12F1C268A92A}"
EndProject
Project("{FAE04EC0-301F-11D3-BF4B-00C04F79EFBC}") = "GraphsTheory_Labs", "GraphsTheory_Labs\GraphsTheory_Labs.csproj", "{0B4A6E99-1A14-47EE-AACA-A8B0424487E4}"
EndProject
Global
	GlobalSection(SolutionConfigurationPlatforms) = preSolution
		Debug|Any CPU = Debug|Any CPU
		Release|Any CPU = Release|Any CPU
	EndGlobalSection
	GlobalSection(ProjectConfigurationPlatforms) = postSolution
		{90884F80-4D73-4D94-8BB3-0908A27348B9}.Debug|Any CPU.ActiveCfg = Debug|Any CPU
		{90884F80-4D73-4D94-8BB3-0908A27348B9}.Debug|Any CPU.Build.0 = Debug|Any CPU
		{90884F80-4D73-4D94-8BB3-0908A27348B9}.Release|Any CPU.ActiveCfg = Release|Any CPU
		{90884F80-4D73-4D94-8BB3-0908A27348B9}.Release|Any CPU.Build.0 = Release|Any CPU
		{DE555B6A-B89B-4F6E-93C6-12F1C268A92A}.Debug|Any CPU.ActiveCfg = Debug|Any CPU
		{DE555B6A-B89B-4F6E-93C6-12F1C268A92A}.Debug|Any CPU.Build.0 = Debug|Any CPU
		{DE555B6A-B89B-4F6E-93C6-12F1C268A92A}.Release|Any CPU.ActiveCfg = Release|Any CPU
		{DE555B6A-B89B-4F6E-93C6-12F1C268A92A}.Release|Any CPU.Build.0 = Release|Any CPU
		{0B4A6E99-1A14-47EE-AACA-A8B0424487E4}.Debug|Any CPU.ActiveCfg = Debug|Any CPU
		{0B4A6E99-1A14-47EE-AACA-A8B0424487E4}.Debug|Any CPU.Build.0 = Debug|Any CPU
		{0B4A6E99-1A14-47EE-AACA-A8B0424487E4}.Release|Any CPU.ActiveCfg = Release|Any CPU
		{0B4A6E99-1A14-47EE-AACA-A8B0424487E4}.Release|Any CPU.Build.0 = Release|Any CPU
	EndGlobalSection
	GlobalSection(SolutionProperties) = preSolution
		HideSolutionNode = FALSE
	EndGlobalSection
	GlobalSection(ExtensibilityGlobals) = postSolution
		SolutionGuid = {1DC5DB16-B6E7-4C8C-A881-45D6178CBBA1}
	EndGlobalSection
EndGlobal
